
Microsoft Visual Studio Solution File, Format Version 12.00
# Visual Studio Version 17
VisualStudioVersion = 17.4.33205.214
MinimumVisualStudioVersion = 10.0.40219.1
Project("{FAE04EC0-301F-11D3-BF4B-00C04F79EFBC}") = "waerp-toolpilot", "waerp-toolpilot\waerp-toolpilot.csproj", "{2013D4F7-A191-4B63-86DB-7289B7117311}"
EndProject
Global
	GlobalSection(SolutionConfigurationPlatforms) = preSolution
		Debug|Any CPU = Debug|Any CPU
		Release|Any CPU = Release|Any CPU
	EndGlobalSection
	GlobalSection(ProjectConfigurationPlatforms) = postSolution
		{2013D4F7-A191-4B63-86DB-7289B7117311}.Debug|Any CPU.ActiveCfg = Debug|Any CPU
		{2013D4F7-A191-4B63-86DB-7289B7117311}.Debug|Any CPU.Build.0 = Debug|Any CPU
		{2013D4F7-A191-4B63-86DB-7289B7117311}.Release|Any CPU.ActiveCfg = Release|Any CPU
		{2013D4F7-A191-4B63-86DB-7289B7117311}.Release|Any CPU.Build.0 = Release|Any CPU
	EndGlobalSection
	GlobalSection(SolutionProperties) = preSolution
		HideSolutionNode = FALSE
	EndGlobalSection
	GlobalSection(ExtensibilityGlobals) = postSolution
		SolutionGuid = {32424C9C-2DB9-4FDD-9AD1-3FD2ADDCBFDC}
	EndGlobalSection
EndGlobal
